// !$*UTF8*$!
{
	archiveVersion = 1;
	classes = {
	};
	objectVersion = 56;
	objects = {

/* Begin PBXBuildFile section */
		0F950B326CA80A36DA4CAE0D /* libPods-apivpn-ios-example.a in Frameworks */ = {isa = PBXBuildFile; fileRef = 7FA744E8501C1B70510E90F2 /* libPods-apivpn-ios-example.a */; };
		245208E7293A60B300C3DE6F /* ServerListController.swift in Sources */ = {isa = PBXBuildFile; fileRef = 245208E6293A60B300C3DE6F /* ServerListController.swift */; };
		245208EA293A639800C3DE6F /* Constants.swift in Sources */ = {isa = PBXBuildFile; fileRef = 245208E9293A639800C3DE6F /* Constants.swift */; };
		2461055F2A68960E002B652D /* libApiVPN.a in Frameworks */ = {isa = PBXBuildFile; fileRef = 2461055E2A68960E002B652D /* libApiVPN.a */; };
		246105612A68961F002B652D /* libApiVPN.a in Frameworks */ = {isa = PBXBuildFile; fileRef = 246105602A68961F002B652D /* libApiVPN.a */; };
		2461820C292C9A8E006962D7 /* AppDelegate.swift in Sources */ = {isa = PBXBuildFile; fileRef = 2461820B292C9A8E006962D7 /* AppDelegate.swift */; };
		2461820E292C9A8E006962D7 /* SceneDelegate.swift in Sources */ = {isa = PBXBuildFile; fileRef = 2461820D292C9A8E006962D7 /* SceneDelegate.swift */; };
		24618213292C9A8E006962D7 /* Main.storyboard in Resources */ = {isa = PBXBuildFile; fileRef = 24618211292C9A8E006962D7 /* Main.storyboard */; };
		24618215292C9A90006962D7 /* Assets.xcassets in Resources */ = {isa = PBXBuildFile; fileRef = 24618214292C9A90006962D7 /* Assets.xcassets */; };
		24618218292C9A90006962D7 /* LaunchScreen.storyboard in Resources */ = {isa = PBXBuildFile; fileRef = 24618216292C9A90006962D7 /* LaunchScreen.storyboard */; };
		24618226292CA960006962D7 /* NetworkExtension.framework in Frameworks */ = {isa = PBXBuildFile; fileRef = 24618225292CA960006962D7 /* NetworkExtension.framework */; };
		24618229292CA960006962D7 /* PacketTunnelProvider.swift in Sources */ = {isa = PBXBuildFile; fileRef = 24618228292CA960006962D7 /* PacketTunnelProvider.swift */; };
		2461822E292CA960006962D7 /* apiVPNTunnel.appex in Embed Foundation Extensions */ = {isa = PBXBuildFile; fileRef = 24618223292CA960006962D7 /* apiVPNTunnel.appex */; settings = {ATTRIBUTES = (RemoveHeadersOnCopy, ); }; };
		24C430D2293A57E400780529 /* HomeController.swift in Sources */ = {isa = PBXBuildFile; fileRef = 24C430D1293A57E400780529 /* HomeController.swift */; };
		DA9286E7D03167796774872D /* libPods-apiVPNTunnel.a in Frameworks */ = {isa = PBXBuildFile; fileRef = 4E862AB87929E49278B7CC3B /* libPods-apiVPNTunnel.a */; };
/* End PBXBuildFile section */

/* Begin PBXContainerItemProxy section */
		2461822C292CA960006962D7 /* PBXContainerItemProxy */ = {
			isa = PBXContainerItemProxy;
			containerPortal = 24618200292C9A8E006962D7 /* Project object */;
			proxyType = 1;
			remoteGlobalIDString = 24618222292CA960006962D7;
			remoteInfo = apiVPNTunnel;
		};
/* End PBXContainerItemProxy section */

/* Begin PBXCopyFilesBuildPhase section */
		24286F762939516200ED6C41 /* Embed Frameworks */ = {
			isa = PBXCopyFilesBuildPhase;
			buildActionMask = 2147483647;
			dstPath = "";
			dstSubfolderSpec = 10;
			files = (
			);
			name = "Embed Frameworks";
			runOnlyForDeploymentPostprocessing = 0;
		};
		2461822F292CA960006962D7 /* Embed Foundation Extensions */ = {
			isa = PBXCopyFilesBuildPhase;
			buildActionMask = 2147483647;
			dstPath = "";
			dstSubfolderSpec = 13;
			files = (
				2461822E292CA960006962D7 /* apiVPNTunnel.appex in Embed Foundation Extensions */,
			);
			name = "Embed Foundation Extensions";
			runOnlyForDeploymentPostprocessing = 0;
		};
/* End PBXCopyFilesBuildPhase section */

/* Begin PBXFileReference section */
		245208E6293A60B300C3DE6F /* ServerListController.swift */ = {isa = PBXFileReference; lastKnownFileType = sourcecode.swift; path = ServerListController.swift; sourceTree = "<group>"; };
		245208E9293A639800C3DE6F /* Constants.swift */ = {isa = PBXFileReference; lastKnownFileType = sourcecode.swift; path = Constants.swift; sourceTree = "<group>"; };
		2461055E2A68960E002B652D /* libApiVPN.a */ = {isa = PBXFileReference; explicitFileType = archive.ar; path = libApiVPN.a; sourceTree = BUILT_PRODUCTS_DIR; };
		246105602A68961F002B652D /* libApiVPN.a */ = {isa = PBXFileReference; explicitFileType = archive.ar; path = libApiVPN.a; sourceTree = BUILT_PRODUCTS_DIR; };
		24618208292C9A8E006962D7 /* apivpn-ios-example.app */ = {isa = PBXFileReference; explicitFileType = wrapper.application; includeInIndex = 0; path = "apivpn-ios-example.app"; sourceTree = BUILT_PRODUCTS_DIR; };
		2461820B292C9A8E006962D7 /* AppDelegate.swift */ = {isa = PBXFileReference; lastKnownFileType = sourcecode.swift; path = AppDelegate.swift; sourceTree = "<group>"; };
		2461820D292C9A8E006962D7 /* SceneDelegate.swift */ = {isa = PBXFileReference; lastKnownFileType = sourcecode.swift; path = SceneDelegate.swift; sourceTree = "<group>"; };
		24618212292C9A8E006962D7 /* Base */ = {isa = PBXFileReference; lastKnownFileType = file.storyboard; name = Base; path = Base.lproj/Main.storyboard; sourceTree = "<group>"; };
		24618214292C9A90006962D7 /* Assets.xcassets */ = {isa = PBXFileReference; lastKnownFileType = folder.assetcatalog; path = Assets.xcassets; sourceTree = "<group>"; };
		24618217292C9A90006962D7 /* Base */ = {isa = PBXFileReference; lastKnownFileType = file.storyboard; name = Base; path = Base.lproj/LaunchScreen.storyboard; sourceTree = "<group>"; };
		24618219292C9A90006962D7 /* Info.plist */ = {isa = PBXFileReference; lastKnownFileType = text.plist.xml; path = Info.plist; sourceTree = "<group>"; };
		24618223292CA960006962D7 /* apiVPNTunnel.appex */ = {isa = PBXFileReference; explicitFileType = "wrapper.app-extension"; includeInIndex = 0; path = apiVPNTunnel.appex; sourceTree = BUILT_PRODUCTS_DIR; };
		24618225292CA960006962D7 /* NetworkExtension.framework */ = {isa = PBXFileReference; lastKnownFileType = wrapper.framework; name = NetworkExtension.framework; path = System/Library/Frameworks/NetworkExtension.framework; sourceTree = SDKROOT; };
		24618228292CA960006962D7 /* PacketTunnelProvider.swift */ = {isa = PBXFileReference; lastKnownFileType = sourcecode.swift; path = PacketTunnelProvider.swift; sourceTree = "<group>"; };
		2461822A292CA960006962D7 /* Info.plist */ = {isa = PBXFileReference; lastKnownFileType = text.plist.xml; path = Info.plist; sourceTree = "<group>"; };
		2461822B292CA960006962D7 /* apiVPNTunnel.entitlements */ = {isa = PBXFileReference; lastKnownFileType = text.plist.entitlements; path = apiVPNTunnel.entitlements; sourceTree = "<group>"; };
		24618233292CB697006962D7 /* apivpn-ios-example.entitlements */ = {isa = PBXFileReference; lastKnownFileType = text.plist.entitlements; path = "apivpn-ios-example.entitlements"; sourceTree = "<group>"; };
		24C430D1293A57E400780529 /* HomeController.swift */ = {isa = PBXFileReference; lastKnownFileType = sourcecode.swift; path = HomeController.swift; sourceTree = "<group>"; };
		305B34253652F4F1D157AF26 /* Pods-apivpn-ios-example.debug.xcconfig */ = {isa = PBXFileReference; includeInIndex = 1; lastKnownFileType = text.xcconfig; name = "Pods-apivpn-ios-example.debug.xcconfig"; path = "Target Support Files/Pods-apivpn-ios-example/Pods-apivpn-ios-example.debug.xcconfig"; sourceTree = "<group>"; };
		4E862AB87929E49278B7CC3B /* libPods-apiVPNTunnel.a */ = {isa = PBXFileReference; explicitFileType = archive.ar; includeInIndex = 0; path = "libPods-apiVPNTunnel.a"; sourceTree = BUILT_PRODUCTS_DIR; };
		5D3E6D12157F54B3AB853D7E /* Pods-apivpn-ios-example.release.xcconfig */ = {isa = PBXFileReference; includeInIndex = 1; lastKnownFileType = text.xcconfig; name = "Pods-apivpn-ios-example.release.xcconfig"; path = "Target Support Files/Pods-apivpn-ios-example/Pods-apivpn-ios-example.release.xcconfig"; sourceTree = "<group>"; };
		5DF27A3F1ACDB07847EDF8D2 /* Pods-apiVPNTunnel.debug.xcconfig */ = {isa = PBXFileReference; includeInIndex = 1; lastKnownFileType = text.xcconfig; name = "Pods-apiVPNTunnel.debug.xcconfig"; path = "Target Support Files/Pods-apiVPNTunnel/Pods-apiVPNTunnel.debug.xcconfig"; sourceTree = "<group>"; };
		7FA744E8501C1B70510E90F2 /* libPods-apivpn-ios-example.a */ = {isa = PBXFileReference; explicitFileType = archive.ar; includeInIndex = 0; path = "libPods-apivpn-ios-example.a"; sourceTree = BUILT_PRODUCTS_DIR; };
		E3F656A0271712F282E1353F /* Pods-apiVPNTunnel.release.xcconfig */ = {isa = PBXFileReference; includeInIndex = 1; lastKnownFileType = text.xcconfig; name = "Pods-apiVPNTunnel.release.xcconfig"; path = "Target Support Files/Pods-apiVPNTunnel/Pods-apiVPNTunnel.release.xcconfig"; sourceTree = "<group>"; };
/* End PBXFileReference section */

/* Begin PBXFrameworksBuildPhase section */
		24618205292C9A8E006962D7 /* Frameworks */ = {
			isa = PBXFrameworksBuildPhase;
			buildActionMask = 2147483647;
			files = (
				2461055F2A68960E002B652D /* libApiVPN.a in Frameworks */,
				0F950B326CA80A36DA4CAE0D /* libPods-apivpn-ios-example.a in Frameworks */,
			);
			runOnlyForDeploymentPostprocessing = 0;
		};
		24618220292CA960006962D7 /* Frameworks */ = {
			isa = PBXFrameworksBuildPhase;
			buildActionMask = 2147483647;
			files = (
				24618226292CA960006962D7 /* NetworkExtension.framework in Frameworks */,
				246105612A68961F002B652D /* libApiVPN.a in Frameworks */,
				DA9286E7D03167796774872D /* libPods-apiVPNTunnel.a in Frameworks */,
			);
			runOnlyForDeploymentPostprocessing = 0;
		};
/* End PBXFrameworksBuildPhase section */

/* Begin PBXGroup section */
		246181FF292C9A8E006962D7 = {
			isa = PBXGroup;
			children = (
				2461820A292C9A8E006962D7 /* apivpn-ios-example */,
				24618227292CA960006962D7 /* apiVPNTunnel */,
				24618224292CA960006962D7 /* Frameworks */,
				24618209292C9A8E006962D7 /* Products */,
				DB1F37F25DE19F16E76D2C9F /* Pods */,
			);
			sourceTree = "<group>";
		};
		24618209292C9A8E006962D7 /* Products */ = {
			isa = PBXGroup;
			children = (
				24618208292C9A8E006962D7 /* apivpn-ios-example.app */,
				24618223292CA960006962D7 /* apiVPNTunnel.appex */,
			);
			name = Products;
			sourceTree = "<group>";
		};
		2461820A292C9A8E006962D7 /* apivpn-ios-example */ = {
			isa = PBXGroup;
			children = (
				24618233292CB697006962D7 /* apivpn-ios-example.entitlements */,
				2461820B292C9A8E006962D7 /* AppDelegate.swift */,
				2461820D292C9A8E006962D7 /* SceneDelegate.swift */,
				24618211292C9A8E006962D7 /* Main.storyboard */,
				24618214292C9A90006962D7 /* Assets.xcassets */,
				24618216292C9A90006962D7 /* LaunchScreen.storyboard */,
				24618219292C9A90006962D7 /* Info.plist */,
				24C430D1293A57E400780529 /* HomeController.swift */,
				245208E6293A60B300C3DE6F /* ServerListController.swift */,
				245208E9293A639800C3DE6F /* Constants.swift */,
			);
			path = "apivpn-ios-example";
			sourceTree = "<group>";
		};
		24618224292CA960006962D7 /* Frameworks */ = {
			isa = PBXGroup;
			children = (
				246105602A68961F002B652D /* libApiVPN.a */,
				2461055E2A68960E002B652D /* libApiVPN.a */,
				24618225292CA960006962D7 /* NetworkExtension.framework */,
				4E862AB87929E49278B7CC3B /* libPods-apiVPNTunnel.a */,
				7FA744E8501C1B70510E90F2 /* libPods-apivpn-ios-example.a */,
			);
			name = Frameworks;
			sourceTree = "<group>";
		};
		24618227292CA960006962D7 /* apiVPNTunnel */ = {
			isa = PBXGroup;
			children = (
				24618228292CA960006962D7 /* PacketTunnelProvider.swift */,
				2461822A292CA960006962D7 /* Info.plist */,
				2461822B292CA960006962D7 /* apiVPNTunnel.entitlements */,
			);
			path = apiVPNTunnel;
			sourceTree = "<group>";
		};
		DB1F37F25DE19F16E76D2C9F /* Pods */ = {
			isa = PBXGroup;
			children = (
				305B34253652F4F1D157AF26 /* Pods-apivpn-ios-example.debug.xcconfig */,
				5D3E6D12157F54B3AB853D7E /* Pods-apivpn-ios-example.release.xcconfig */,
				5DF27A3F1ACDB07847EDF8D2 /* Pods-apiVPNTunnel.debug.xcconfig */,
				E3F656A0271712F282E1353F /* Pods-apiVPNTunnel.release.xcconfig */,
			);
			path = Pods;
			sourceTree = "<group>";
		};
/* End PBXGroup section */

/* Begin PBXNativeTarget section */
		24618207292C9A8E006962D7 /* apivpn-ios-example */ = {
			isa = PBXNativeTarget;
			buildConfigurationList = 2461821C292C9A90006962D7 /* Build configuration list for PBXNativeTarget "apivpn-ios-example" */;
			buildPhases = (
				C6819CA7CDB5556B5121BA8D /* [CP] Check Pods Manifest.lock */,
				24618204292C9A8E006962D7 /* Sources */,
				24618205292C9A8E006962D7 /* Frameworks */,
				24618206292C9A8E006962D7 /* Resources */,
				2461822F292CA960006962D7 /* Embed Foundation Extensions */,
				24286F762939516200ED6C41 /* Embed Frameworks */,
				C34F25D80D3B7AB5438657F4 /* [CP] Copy Pods Resources */,
			);
			buildRules = (
			);
			dependencies = (
				2461822D292CA960006962D7 /* PBXTargetDependency */,
			);
			name = "apivpn-ios-example";
			productName = "apivpn-ios-example";
			productReference = 24618208292C9A8E006962D7 /* apivpn-ios-example.app */;
			productType = "com.apple.product-type.application";
		};
		24618222292CA960006962D7 /* apiVPNTunnel */ = {
			isa = PBXNativeTarget;
			buildConfigurationList = 24618232292CA960006962D7 /* Build configuration list for PBXNativeTarget "apiVPNTunnel" */;
			buildPhases = (
				486619EF533D79BA92BA0711 /* [CP] Check Pods Manifest.lock */,
				2461821F292CA960006962D7 /* Sources */,
				24618220292CA960006962D7 /* Frameworks */,
				24618221292CA960006962D7 /* Resources */,
				07936DD7C2BDE31209C2B416 /* [CP] Copy Pods Resources */,
			);
			buildRules = (
			);
			dependencies = (
			);
			name = apiVPNTunnel;
			productName = apiVPNTunnel;
			productReference = 24618223292CA960006962D7 /* apiVPNTunnel.appex */;
			productType = "com.apple.product-type.app-extension";
		};
/* End PBXNativeTarget section */

/* Begin PBXProject section */
		24618200292C9A8E006962D7 /* Project object */ = {
			isa = PBXProject;
			attributes = {
				BuildIndependentTargetsInParallel = 1;
				LastSwiftUpdateCheck = 1410;
				LastUpgradeCheck = 1410;
				TargetAttributes = {
					24618207292C9A8E006962D7 = {
						CreatedOnToolsVersion = 14.1;
					};
					24618222292CA960006962D7 = {
						CreatedOnToolsVersion = 14.1;
					};
				};
			};
			buildConfigurationList = 24618203292C9A8E006962D7 /* Build configuration list for PBXProject "apivpn-ios-example" */;
			compatibilityVersion = "Xcode 14.0";
			developmentRegion = en;
			hasScannedForEncodings = 0;
			knownRegions = (
				en,
				Base,
			);
			mainGroup = 246181FF292C9A8E006962D7;
			productRefGroup = 24618209292C9A8E006962D7 /* Products */;
			projectDirPath = "";
			projectRoot = "";
			targets = (
				24618207292C9A8E006962D7 /* apivpn-ios-example */,
				24618222292CA960006962D7 /* apiVPNTunnel */,
			);
		};
/* End PBXProject section */

/* Begin PBXResourcesBuildPhase section */
		24618206292C9A8E006962D7 /* Resources */ = {
			isa = PBXResourcesBuildPhase;
			buildActionMask = 2147483647;
			files = (
				24618218292C9A90006962D7 /* LaunchScreen.storyboard in Resources */,
				24618215292C9A90006962D7 /* Assets.xcassets in Resources */,
				24618213292C9A8E006962D7 /* Main.storyboard in Resources */,
			);
			runOnlyForDeploymentPostprocessing = 0;
		};
		24618221292CA960006962D7 /* Resources */ = {
			isa = PBXResourcesBuildPhase;
			buildActionMask = 2147483647;
			files = (
			);
			runOnlyForDeploymentPostprocessing = 0;
		};
/* End PBXResourcesBuildPhase section */

/* Begin PBXShellScriptBuildPhase section */
		07936DD7C2BDE31209C2B416 /* [CP] Copy Pods Resources */ = {
			isa = PBXShellScriptBuildPhase;
			buildActionMask = 2147483647;
			files = (
			);
			inputFileListPaths = (
				"${PODS_ROOT}/Target Support Files/Pods-apiVPNTunnel/Pods-apiVPNTunnel-resources-${CONFIGURATION}-input-files.xcfilelist",
			);
			name = "[CP] Copy Pods Resources";
			outputFileListPaths = (
				"${PODS_ROOT}/Target Support Files/Pods-apiVPNTunnel/Pods-apiVPNTunnel-resources-${CONFIGURATION}-output-files.xcfilelist",
			);
			runOnlyForDeploymentPostprocessing = 0;
			shellPath = /bin/sh;
			shellScript = "\"${PODS_ROOT}/Target Support Files/Pods-apiVPNTunnel/Pods-apiVPNTunnel-resources.sh\"\n";
			showEnvVarsInLog = 0;
		};
		486619EF533D79BA92BA0711 /* [CP] Check Pods Manifest.lock */ = {
			isa = PBXShellScriptBuildPhase;
			buildActionMask = 2147483647;
			files = (
			);
			inputFileListPaths = (
			);
			inputPaths = (
				"${PODS_PODFILE_DIR_PATH}/Podfile.lock",
				"${PODS_ROOT}/Manifest.lock",
			);
			name = "[CP] Check Pods Manifest.lock";
			outputFileListPaths = (
			);
			outputPaths = (
				"$(DERIVED_FILE_DIR)/Pods-apiVPNTunnel-checkManifestLockResult.txt",
			);
			runOnlyForDeploymentPostprocessing = 0;
			shellPath = /bin/sh;
			shellScript = "diff \"${PODS_PODFILE_DIR_PATH}/Podfile.lock\" \"${PODS_ROOT}/Manifest.lock\" > /dev/null\nif [ $? != 0 ] ; then\n    # print error to STDERR\n    echo \"error: The sandbox is not in sync with the Podfile.lock. Run 'pod install' or update your CocoaPods installation.\" >&2\n    exit 1\nfi\n# This output is used by Xcode 'outputs' to avoid re-running this script phase.\necho \"SUCCESS\" > \"${SCRIPT_OUTPUT_FILE_0}\"\n";
			showEnvVarsInLog = 0;
		};
		C34F25D80D3B7AB5438657F4 /* [CP] Copy Pods Resources */ = {
			isa = PBXShellScriptBuildPhase;
			buildActionMask = 2147483647;
			files = (
			);
			inputFileListPaths = (
				"${PODS_ROOT}/Target Support Files/Pods-apivpn-ios-example/Pods-apivpn-ios-example-resources-${CONFIGURATION}-input-files.xcfilelist",
			);
			name = "[CP] Copy Pods Resources";
			outputFileListPaths = (
				"${PODS_ROOT}/Target Support Files/Pods-apivpn-ios-example/Pods-apivpn-ios-example-resources-${CONFIGURATION}-output-files.xcfilelist",
			);
			runOnlyForDeploymentPostprocessing = 0;
			shellPath = /bin/sh;
			shellScript = "\"${PODS_ROOT}/Target Support Files/Pods-apivpn-ios-example/Pods-apivpn-ios-example-resources.sh\"\n";
			showEnvVarsInLog = 0;
		};
		C6819CA7CDB5556B5121BA8D /* [CP] Check Pods Manifest.lock */ = {
			isa = PBXShellScriptBuildPhase;
			buildActionMask = 2147483647;
			files = (
			);
			inputFileListPaths = (
			);
			inputPaths = (
				"${PODS_PODFILE_DIR_PATH}/Podfile.lock",
				"${PODS_ROOT}/Manifest.lock",
			);
			name = "[CP] Check Pods Manifest.lock";
			outputFileListPaths = (
			);
			outputPaths = (
				"$(DERIVED_FILE_DIR)/Pods-apivpn-ios-example-checkManifestLockResult.txt",
			);
			runOnlyForDeploymentPostprocessing = 0;
			shellPath = /bin/sh;
			shellScript = "diff \"${PODS_PODFILE_DIR_PATH}/Podfile.lock\" \"${PODS_ROOT}/Manifest.lock\" > /dev/null\nif [ $? != 0 ] ; then\n    # print error to STDERR\n    echo \"error: The sandbox is not in sync with the Podfile.lock. Run 'pod install' or update your CocoaPods installation.\" >&2\n    exit 1\nfi\n# This output is used by Xcode 'outputs' to avoid re-running this script phase.\necho \"SUCCESS\" > \"${SCRIPT_OUTPUT_FILE_0}\"\n";
			showEnvVarsInLog = 0;
		};
/* End PBXShellScriptBuildPhase section */

/* Begin PBXSourcesBuildPhase section */
		24618204292C9A8E006962D7 /* Sources */ = {
			isa = PBXSourcesBuildPhase;
			buildActionMask = 2147483647;
			files = (
				245208E7293A60B300C3DE6F /* ServerListController.swift in Sources */,
				245208EA293A639800C3DE6F /* Constants.swift in Sources */,
				24C430D2293A57E400780529 /* HomeController.swift in Sources */,
				2461820C292C9A8E006962D7 /* AppDelegate.swift in Sources */,
				2461820E292C9A8E006962D7 /* SceneDelegate.swift in Sources */,
			);
			runOnlyForDeploymentPostprocessing = 0;
		};
		2461821F292CA960006962D7 /* Sources */ = {
			isa = PBXSourcesBuildPhase;
			buildActionMask = 2147483647;
			files = (
				24618229292CA960006962D7 /* PacketTunnelProvider.swift in Sources */,
			);
			runOnlyForDeploymentPostprocessing = 0;
		};
/* End PBXSourcesBuildPhase section */

/* Begin PBXTargetDependency section */
		2461822D292CA960006962D7 /* PBXTargetDependency */ = {
			isa = PBXTargetDependency;
			target = 24618222292CA960006962D7 /* apiVPNTunnel */;
			targetProxy = 2461822C292CA960006962D7 /* PBXContainerItemProxy */;
		};
/* End PBXTargetDependency section */

/* Begin PBXVariantGroup section */
		24618211292C9A8E006962D7 /* Main.storyboard */ = {
			isa = PBXVariantGroup;
			children = (
				24618212292C9A8E006962D7 /* Base */,
			);
			name = Main.storyboard;
			sourceTree = "<group>";
		};
		24618216292C9A90006962D7 /* LaunchScreen.storyboard */ = {
			isa = PBXVariantGroup;
			children = (
				24618217292C9A90006962D7 /* Base */,
			);
			name = LaunchScreen.storyboard;
			sourceTree = "<group>";
		};
/* End PBXVariantGroup section */

/* Begin XCBuildConfiguration section */
		2461821A292C9A90006962D7 /* Debug */ = {
			isa = XCBuildConfiguration;
			buildSettings = {
				ALWAYS_SEARCH_USER_PATHS = NO;
				CLANG_ANALYZER_NONNULL = YES;
				CLANG_ANALYZER_NUMBER_OBJECT_CONVERSION = YES_AGGRESSIVE;
				CLANG_CXX_LANGUAGE_STANDARD = "gnu++20";
				CLANG_ENABLE_MODULES = YES;
				CLANG_ENABLE_OBJC_ARC = YES;
				CLANG_ENABLE_OBJC_WEAK = YES;
				CLANG_WARN_BLOCK_CAPTURE_AUTORELEASING = YES;
				CLANG_WARN_BOOL_CONVERSION = YES;
				CLANG_WARN_COMMA = YES;
				CLANG_WARN_CONSTANT_CONVERSION = YES;
				CLANG_WARN_DEPRECATED_OBJC_IMPLEMENTATIONS = YES;
				CLANG_WARN_DIRECT_OBJC_ISA_USAGE = YES_ERROR;
				CLANG_WARN_DOCUMENTATION_COMMENTS = YES;
				CLANG_WARN_EMPTY_BODY = YES;
				CLANG_WARN_ENUM_CONVERSION = YES;
				CLANG_WARN_INFINITE_RECURSION = YES;
				CLANG_WARN_INT_CONVERSION = YES;
				CLANG_WARN_NON_LITERAL_NULL_CONVERSION = YES;
				CLANG_WARN_OBJC_IMPLICIT_RETAIN_SELF = YES;
				CLANG_WARN_OBJC_LITERAL_CONVERSION = YES;
				CLANG_WARN_OBJC_ROOT_CLASS = YES_ERROR;
				CLANG_WARN_QUOTED_INCLUDE_IN_FRAMEWORK_HEADER = YES;
				CLANG_WARN_RANGE_LOOP_ANALYSIS = YES;
				CLANG_WARN_STRICT_PROTOTYPES = YES;
				CLANG_WARN_SUSPICIOUS_MOVE = YES;
				CLANG_WARN_UNGUARDED_AVAILABILITY = YES_AGGRESSIVE;
				CLANG_WARN_UNREACHABLE_CODE = YES;
				CLANG_WARN__DUPLICATE_METHOD_MATCH = YES;
				COPY_PHASE_STRIP = NO;
				DEBUG_INFORMATION_FORMAT = dwarf;
				ENABLE_STRICT_OBJC_MSGSEND = YES;
				ENABLE_TESTABILITY = YES;
				GCC_C_LANGUAGE_STANDARD = gnu11;
				GCC_DYNAMIC_NO_PIC = NO;
				GCC_NO_COMMON_BLOCKS = YES;
				GCC_OPTIMIZATION_LEVEL = 0;
				GCC_PREPROCESSOR_DEFINITIONS = (
					"DEBUG=1",
					"$(inherited)",
				);
				GCC_WARN_64_TO_32_BIT_CONVERSION = YES;
				GCC_WARN_ABOUT_RETURN_TYPE = YES_ERROR;
				GCC_WARN_UNDECLARED_SELECTOR = YES;
				GCC_WARN_UNINITIALIZED_AUTOS = YES_AGGRESSIVE;
				GCC_WARN_UNUSED_FUNCTION = YES;
				GCC_WARN_UNUSED_VARIABLE = YES;
				IPHONEOS_DEPLOYMENT_TARGET = 16.0;
				MTL_ENABLE_DEBUG_INFO = INCLUDE_SOURCE;
				MTL_FAST_MATH = YES;
				ONLY_ACTIVE_ARCH = YES;
				SDKROOT = iphoneos;
				SWIFT_ACTIVE_COMPILATION_CONDITIONS = DEBUG;
				SWIFT_OPTIMIZATION_LEVEL = "-Onone";
			};
			name = Debug;
		};
		2461821B292C9A90006962D7 /* Release */ = {
			isa = XCBuildConfiguration;
			buildSettings = {
				ALWAYS_SEARCH_USER_PATHS = NO;
				CLANG_ANALYZER_NONNULL = YES;
				CLANG_ANALYZER_NUMBER_OBJECT_CONVERSION = YES_AGGRESSIVE;
				CLANG_CXX_LANGUAGE_STANDARD = "gnu++20";
				CLANG_ENABLE_MODULES = YES;
				CLANG_ENABLE_OBJC_ARC = YES;
				CLANG_ENABLE_OBJC_WEAK = YES;
				CLANG_WARN_BLOCK_CAPTURE_AUTORELEASING = YES;
				CLANG_WARN_BOOL_CONVERSION = YES;
				CLANG_WARN_COMMA = YES;
				CLANG_WARN_CONSTANT_CONVERSION = YES;
				CLANG_WARN_DEPRECATED_OBJC_IMPLEMENTATIONS = YES;
				CLANG_WARN_DIRECT_OBJC_ISA_USAGE = YES_ERROR;
				CLANG_WARN_DOCUMENTATION_COMMENTS = YES;
				CLANG_WARN_EMPTY_BODY = YES;
				CLANG_WARN_ENUM_CONVERSION = YES;
				CLANG_WARN_INFINITE_RECURSION = YES;
				CLANG_WARN_INT_CONVERSION = YES;
				CLANG_WARN_NON_LITERAL_NULL_CONVERSION = YES;
				CLANG_WARN_OBJC_IMPLICIT_RETAIN_SELF = YES;
				CLANG_WARN_OBJC_LITERAL_CONVERSION = YES;
				CLANG_WARN_OBJC_ROOT_CLASS = YES_ERROR;
				CLANG_WARN_QUOTED_INCLUDE_IN_FRAMEWORK_HEADER = YES;
				CLANG_WARN_RANGE_LOOP_ANALYSIS = YES;
				CLANG_WARN_STRICT_PROTOTYPES = YES;
				CLANG_WARN_SUSPICIOUS_MOVE = YES;
				CLANG_WARN_UNGUARDED_AVAILABILITY = YES_AGGRESSIVE;
				CLANG_WARN_UNREACHABLE_CODE = YES;
				CLANG_WARN__DUPLICATE_METHOD_MATCH = YES;
				COPY_PHASE_STRIP = NO;
				DEBUG_INFORMATION_FORMAT = "dwarf-with-dsym";
				ENABLE_NS_ASSERTIONS = NO;
				ENABLE_STRICT_OBJC_MSGSEND = YES;
				GCC_C_LANGUAGE_STANDARD = gnu11;
				GCC_NO_COMMON_BLOCKS = YES;
				GCC_WARN_64_TO_32_BIT_CONVERSION = YES;
				GCC_WARN_ABOUT_RETURN_TYPE = YES_ERROR;
				GCC_WARN_UNDECLARED_SELECTOR = YES;
				GCC_WARN_UNINITIALIZED_AUTOS = YES_AGGRESSIVE;
				GCC_WARN_UNUSED_FUNCTION = YES;
				GCC_WARN_UNUSED_VARIABLE = YES;
				IPHONEOS_DEPLOYMENT_TARGET = 16.0;
				MTL_ENABLE_DEBUG_INFO = NO;
				MTL_FAST_MATH = YES;
				SDKROOT = iphoneos;
				SWIFT_COMPILATION_MODE = wholemodule;
				SWIFT_OPTIMIZATION_LEVEL = "-O";
				VALIDATE_PRODUCT = YES;
			};
			name = Release;
		};
		2461821D292C9A90006962D7 /* Debug */ = {
			isa = XCBuildConfiguration;
			baseConfigurationReference = 305B34253652F4F1D157AF26 /* Pods-apivpn-ios-example.debug.xcconfig */;
			buildSettings = {
				ALWAYS_EMBED_SWIFT_STANDARD_LIBRARIES = YES;
				ASSETCATALOG_COMPILER_APPICON_NAME = AppIcon;
				ASSETCATALOG_COMPILER_GLOBAL_ACCENT_COLOR_NAME = AccentColor;
				CODE_SIGN_ENTITLEMENTS = "apivpn-ios-example/apivpn-ios-example.entitlements";
				CODE_SIGN_STYLE = Automatic;
				CURRENT_PROJECT_VERSION = 1;
				DEVELOPMENT_TEAM = G7Z8P464C5;
				GENERATE_INFOPLIST_FILE = YES;
				INFOPLIST_FILE = "apivpn-ios-example/Info.plist";
				INFOPLIST_KEY_UIApplicationSupportsIndirectInputEvents = YES;
				INFOPLIST_KEY_UILaunchStoryboardName = LaunchScreen;
				INFOPLIST_KEY_UIMainStoryboardFile = Main;
				INFOPLIST_KEY_UISupportedInterfaceOrientations_iPad = "UIInterfaceOrientationPortrait UIInterfaceOrientationPortraitUpsideDown UIInterfaceOrientationLandscapeLeft UIInterfaceOrientationLandscapeRight";
				INFOPLIST_KEY_UISupportedInterfaceOrientations_iPhone = "UIInterfaceOrientationPortrait UIInterfaceOrientationLandscapeLeft UIInterfaceOrientationLandscapeRight";
				IPHONEOS_DEPLOYMENT_TARGET = 16.0;
				LD_RUNPATH_SEARCH_PATHS = (
					"$(inherited)",
					"@executable_path/Frameworks",
				);
				MARKETING_VERSION = 1.0;
				PRODUCT_BUNDLE_IDENTIFIER = io.apivpn.example;
				PRODUCT_NAME = "$(TARGET_NAME)";
				SWIFT_EMIT_LOC_STRINGS = YES;
				SWIFT_VERSION = 5.0;
				TARGETED_DEVICE_FAMILY = "1,2";
			};
			name = Debug;
		};
		2461821E292C9A90006962D7 /* Release */ = {
			isa = XCBuildConfiguration;
			baseConfigurationReference = 5D3E6D12157F54B3AB853D7E /* Pods-apivpn-ios-example.release.xcconfig */;
			buildSettings = {
				ALWAYS_EMBED_SWIFT_STANDARD_LIBRARIES = YES;
				ASSETCATALOG_COMPILER_APPICON_NAME = AppIcon;
				ASSETCATALOG_COMPILER_GLOBAL_ACCENT_COLOR_NAME = AccentColor;
				CODE_SIGN_ENTITLEMENTS = "apivpn-ios-example/apivpn-ios-example.entitlements";
				CODE_SIGN_STYLE = Automatic;
				CURRENT_PROJECT_VERSION = 1;
				DEVELOPMENT_TEAM = G7Z8P464C5;
				GENERATE_INFOPLIST_FILE = YES;
				INFOPLIST_FILE = "apivpn-ios-example/Info.plist";
				INFOPLIST_KEY_UIApplicationSupportsIndirectInputEvents = YES;
				INFOPLIST_KEY_UILaunchStoryboardName = LaunchScreen;
				INFOPLIST_KEY_UIMainStoryboardFile = Main;
				INFOPLIST_KEY_UISupportedInterfaceOrientations_iPad = "UIInterfaceOrientationPortrait UIInterfaceOrientationPortraitUpsideDown UIInterfaceOrientationLandscapeLeft UIInterfaceOrientationLandscapeRight";
				INFOPLIST_KEY_UISupportedInterfaceOrientations_iPhone = "UIInterfaceOrientationPortrait UIInterfaceOrientationLandscapeLeft UIInterfaceOrientationLandscapeRight";
				IPHONEOS_DEPLOYMENT_TARGET = 16.0;
				LD_RUNPATH_SEARCH_PATHS = (
					"$(inherited)",
					"@executable_path/Frameworks",
				);
				MARKETING_VERSION = 1.0;
				PRODUCT_BUNDLE_IDENTIFIER = io.apivpn.example;
				PRODUCT_NAME = "$(TARGET_NAME)";
				SWIFT_EMIT_LOC_STRINGS = YES;
				SWIFT_VERSION = 5.0;
				TARGETED_DEVICE_FAMILY = "1,2";
			};
			name = Release;
		};
		24618230292CA960006962D7 /* Debug */ = {
			isa = XCBuildConfiguration;
			baseConfigurationReference = 5DF27A3F1ACDB07847EDF8D2 /* Pods-apiVPNTunnel.debug.xcconfig */;
			buildSettings = {
				CODE_SIGN_ENTITLEMENTS = apiVPNTunnel/apiVPNTunnel.entitlements;
				CODE_SIGN_STYLE = Automatic;
				CURRENT_PROJECT_VERSION = 1;
				DEVELOPMENT_TEAM = G7Z8P464C5;
				GENERATE_INFOPLIST_FILE = YES;
				INFOPLIST_FILE = apiVPNTunnel/Info.plist;
				INFOPLIST_KEY_CFBundleDisplayName = apiVPNTunnel;
				INFOPLIST_KEY_NSHumanReadableCopyright = "";
				IPHONEOS_DEPLOYMENT_TARGET = 12.1;
				LD_RUNPATH_SEARCH_PATHS = (
					"$(inherited)",
					"@executable_path/Frameworks",
					"@executable_path/../../Frameworks",
				);
				MARKETING_VERSION = 1.0;
				PRODUCT_BUNDLE_IDENTIFIER = io.apivpn.example.apiVPNTunnel;
				PRODUCT_NAME = "$(TARGET_NAME)";
				SKIP_INSTALL = YES;
				SWIFT_EMIT_LOC_STRINGS = YES;
				SWIFT_VERSION = 5.0;
				TARGETED_DEVICE_FAMILY = "1,2";
			};
			name = Debug;
		};
		24618231292CA960006962D7 /* Release */ = {
			isa = XCBuildConfiguration;
			baseConfigurationReference = E3F656A0271712F282E1353F /* Pods-apiVPNTunnel.release.xcconfig */;
			buildSettings = {
				CODE_SIGN_ENTITLEMENTS = apiVPNTunnel/apiVPNTunnel.entitlements;
				CODE_SIGN_STYLE = Automatic;
				CURRENT_PROJECT_VERSION = 1;
				DEVELOPMENT_TEAM = G7Z8P464C5;
				GENERATE_INFOPLIST_FILE = YES;
				INFOPLIST_FILE = apiVPNTunnel/Info.plist;
				INFOPLIST_KEY_CFBundleDisplayName = apiVPNTunnel;
				INFOPLIST_KEY_NSHumanReadableCopyright = "";
				IPHONEOS_DEPLOYMENT_TARGET = 12.1;
				LD_RUNPATH_SEARCH_PATHS = (
					"$(inherited)",
					"@executable_path/Frameworks",
					"@executable_path/../../Frameworks",
				);
				MARKETING_VERSION = 1.0;
				PRODUCT_BUNDLE_IDENTIFIER = io.apivpn.example.apiVPNTunnel;
				PRODUCT_NAME = "$(TARGET_NAME)";
				SKIP_INSTALL = YES;
				SWIFT_EMIT_LOC_STRINGS = YES;
				SWIFT_VERSION = 5.0;
				TARGETED_DEVICE_FAMILY = "1,2";
			};
			name = Release;
		};
/* End XCBuildConfiguration section */

/* Begin XCConfigurationList section */
		24618203292C9A8E006962D7 /* Build configuration list for PBXProject "apivpn-ios-example" */ = {
			isa = XCConfigurationList;
			buildConfigurations = (
				2461821A292C9A90006962D7 /* Debug */,
				2461821B292C9A90006962D7 /* Release */,
			);
			defaultConfigurationIsVisible = 0;
			defaultConfigurationName = Release;
		};
		2461821C292C9A90006962D7 /* Build configuration list for PBXNativeTarget "apivpn-ios-example" */ = {
			isa = XCConfigurationList;
			buildConfigurations = (
				2461821D292C9A90006962D7 /* Debug */,
				2461821E292C9A90006962D7 /* Release */,
			);
			defaultConfigurationIsVisible = 0;
			defaultConfigurationName = Release;
		};
		24618232292CA960006962D7 /* Build configuration list for PBXNativeTarget "apiVPNTunnel" */ = {
			isa = XCConfigurationList;
			buildConfigurations = (
				24618230292CA960006962D7 /* Debug */,
				24618231292CA960006962D7 /* Release */,
			);
			defaultConfigurationIsVisible = 0;
			defaultConfigurationName = Release;
		};
/* End XCConfigurationList section */
	};
	rootObject = 24618200292C9A8E006962D7 /* Project object */;
}
